
Microsoft Visual Studio Solution File, Format Version 12.00
# Visual Studio Version 17
VisualStudioVersion = 17.3.32811.315
MinimumVisualStudioVersion = 10.0.40219.1
Project("{FAE04EC0-301F-11D3-BF4B-00C04F79EFBC}") = "WebAPI", "WebAPI\WebAPI.csproj", "{9111BD50-C356-4DF7-BB70-598E0E3624A7}"
EndProject
Project("{FAE04EC0-301F-11D3-BF4B-00C04F79EFBC}") = "Data", "Data\Data.csproj", "{8B350E05-3E97-4695-9ACD-B23F5D88B585}"
EndProject
Global
	GlobalSection(SolutionConfigurationPlatforms) = preSolution
		Debug|Any CPU = Debug|Any CPU
		Release|Any CPU = Release|Any CPU
	EndGlobalSection
	GlobalSection(ProjectConfigurationPlatforms) = postSolution
		{9111BD50-C356-4DF7-BB70-598E0E3624A7}.Debug|Any CPU.ActiveCfg = Debug|Any CPU
		{9111BD50-C356-4DF7-BB70-598E0E3624A7}.Debug|Any CPU.Build.0 = Debug|Any CPU
		{9111BD50-C356-4DF7-BB70-598E0E3624A7}.Release|Any CPU.ActiveCfg = Release|Any CPU
		{9111BD50-C356-4DF7-BB70-598E0E3624A7}.Release|Any CPU.Build.0 = Release|Any CPU
		{8B350E05-3E97-4695-9ACD-B23F5D88B585}.Debug|Any CPU.ActiveCfg = Debug|Any CPU
		{8B350E05-3E97-4695-9ACD-B23F5D88B585}.Debug|Any CPU.Build.0 = Debug|Any CPU
		{8B350E05-3E97-4695-9ACD-B23F5D88B585}.Release|Any CPU.ActiveCfg = Release|Any CPU
		{8B350E05-3E97-4695-9ACD-B23F5D88B585}.Release|Any CPU.Build.0 = Release|Any CPU
	EndGlobalSection
	GlobalSection(SolutionProperties) = preSolution
		HideSolutionNode = FALSE
	EndGlobalSection
	GlobalSection(ExtensibilityGlobals) = postSolution
		SolutionGuid = {90F06825-5B98-40B8-B897-3F2715240908}
	EndGlobalSection
EndGlobal
